
Microsoft Visual Studio Solution File, Format Version 12.00
# Visual Studio Version 17
VisualStudioVersion = 17.8.34330.188
MinimumVisualStudioVersion = 10.0.40219.1
Project("{FAE04EC0-301F-11D3-BF4B-00C04F79EFBC}") = "TechCareerBootcampSecondClass", "TechCareerBootcampSecondClass\TechCareerBootcampSecondClass.csproj", "{1170506B-2F77-447E-8349-7A84F774C26D}"
EndProject
Global
	GlobalSection(SolutionConfigurationPlatforms) = preSolution
		Debug|Any CPU = Debug|Any CPU
		Release|Any CPU = Release|Any CPU
	EndGlobalSection
	GlobalSection(ProjectConfigurationPlatforms) = postSolution
		{1170506B-2F77-447E-8349-7A84F774C26D}.Debug|Any CPU.ActiveCfg = Debug|Any CPU
		{1170506B-2F77-447E-8349-7A84F774C26D}.Debug|Any CPU.Build.0 = Debug|Any CPU
		{1170506B-2F77-447E-8349-7A84F774C26D}.Release|Any CPU.ActiveCfg = Release|Any CPU
		{1170506B-2F77-447E-8349-7A84F774C26D}.Release|Any CPU.Build.0 = Release|Any CPU
	EndGlobalSection
	GlobalSection(SolutionProperties) = preSolution
		HideSolutionNode = FALSE
	EndGlobalSection
	GlobalSection(ExtensibilityGlobals) = postSolution
		SolutionGuid = {82681C3B-6676-4D2B-ADF3-BA023A594531}
	EndGlobalSection
EndGlobal
